// !$*UTF8*$!
{
	archiveVersion = 1;
	classes = {
	};
	objectVersion = 55;
	objects = {

/* Begin PBXBuildFile section */
		95C7CBF527A494F400430F43 /* AppDelegate.swift in Sources */ = {isa = PBXBuildFile; fileRef = 95C7CBF427A494F400430F43 /* AppDelegate.swift */; };
		95C7CBF727A494F400430F43 /* SceneDelegate.swift in Sources */ = {isa = PBXBuildFile; fileRef = 95C7CBF627A494F400430F43 /* SceneDelegate.swift */; };
		95C7CBF927A494F400430F43 /* HomeViewController.swift in Sources */ = {isa = PBXBuildFile; fileRef = 95C7CBF827A494F400430F43 /* HomeViewController.swift */; };
		95C7CBFC27A494F400430F43 /* Main.storyboard in Resources */ = {isa = PBXBuildFile; fileRef = 95C7CBFA27A494F400430F43 /* Main.storyboard */; };
		95C7CBFE27A494F500430F43 /* Assets.xcassets in Resources */ = {isa = PBXBuildFile; fileRef = 95C7CBFD27A494F500430F43 /* Assets.xcassets */; };
		95C7CC0127A494F500430F43 /* LaunchScreen.storyboard in Resources */ = {isa = PBXBuildFile; fileRef = 95C7CBFF27A494F500430F43 /* LaunchScreen.storyboard */; };
		95C7CC0C27A495BD00430F43 /* SafeModel.swift in Sources */ = {isa = PBXBuildFile; fileRef = 95C7CC0B27A495BD00430F43 /* SafeModel.swift */; };
		95C7CC0E27A495D500430F43 /* SafeNetworking.swift in Sources */ = {isa = PBXBuildFile; fileRef = 95C7CC0D27A495D500430F43 /* SafeNetworking.swift */; };
		95C7CC1027A4960600430F43 /* SafeConditions.swift in Sources */ = {isa = PBXBuildFile; fileRef = 95C7CC0F27A4960600430F43 /* SafeConditions.swift */; };
/* End PBXBuildFile section */

/* Begin PBXFileReference section */
		95C7CBF127A494F400430F43 /* SunSafe.app */ = {isa = PBXFileReference; explicitFileType = wrapper.application; includeInIndex = 0; path = SunSafe.app; sourceTree = BUILT_PRODUCTS_DIR; };
		95C7CBF427A494F400430F43 /* AppDelegate.swift */ = {isa = PBXFileReference; lastKnownFileType = sourcecode.swift; path = AppDelegate.swift; sourceTree = "<group>"; };
		95C7CBF627A494F400430F43 /* SceneDelegate.swift */ = {isa = PBXFileReference; lastKnownFileType = sourcecode.swift; path = SceneDelegate.swift; sourceTree = "<group>"; };
		95C7CBF827A494F400430F43 /* HomeViewController.swift */ = {isa = PBXFileReference; lastKnownFileType = sourcecode.swift; path = HomeViewController.swift; sourceTree = "<group>"; };
		95C7CBFB27A494F400430F43 /* Base */ = {isa = PBXFileReference; lastKnownFileType = file.storyboard; name = Base; path = Base.lproj/Main.storyboard; sourceTree = "<group>"; };
		95C7CBFD27A494F500430F43 /* Assets.xcassets */ = {isa = PBXFileReference; lastKnownFileType = folder.assetcatalog; path = Assets.xcassets; sourceTree = "<group>"; };
		95C7CC0027A494F500430F43 /* Base */ = {isa = PBXFileReference; lastKnownFileType = file.storyboard; name = Base; path = Base.lproj/LaunchScreen.storyboard; sourceTree = "<group>"; };
		95C7CC0227A494F500430F43 /* Info.plist */ = {isa = PBXFileReference; lastKnownFileType = text.plist.xml; path = Info.plist; sourceTree = "<group>"; };
		95C7CC0B27A495BD00430F43 /* SafeModel.swift */ = {isa = PBXFileReference; lastKnownFileType = sourcecode.swift; path = SafeModel.swift; sourceTree = "<group>"; };
		95C7CC0D27A495D500430F43 /* SafeNetworking.swift */ = {isa = PBXFileReference; lastKnownFileType = sourcecode.swift; path = SafeNetworking.swift; sourceTree = "<group>"; };
		95C7CC0F27A4960600430F43 /* SafeConditions.swift */ = {isa = PBXFileReference; lastKnownFileType = sourcecode.swift; path = SafeConditions.swift; sourceTree = "<group>"; };
/* End PBXFileReference section */

/* Begin PBXFrameworksBuildPhase section */
		95C7CBEE27A494F400430F43 /* Frameworks */ = {
			isa = PBXFrameworksBuildPhase;
			buildActionMask = 2147483647;
			files = (
			);
			runOnlyForDeploymentPostprocessing = 0;
		};
/* End PBXFrameworksBuildPhase section */

/* Begin PBXGroup section */
		95C7CBE827A494F300430F43 = {
			isa = PBXGroup;
			children = (
				95C7CBF327A494F400430F43 /* SunSafe */,
				95C7CBF227A494F400430F43 /* Products */,
			);
			sourceTree = "<group>";
		};
		95C7CBF227A494F400430F43 /* Products */ = {
			isa = PBXGroup;
			children = (
				95C7CBF127A494F400430F43 /* SunSafe.app */,
			);
			name = Products;
			sourceTree = "<group>";
		};
		95C7CBF327A494F400430F43 /* SunSafe */ = {
			isa = PBXGroup;
			children = (
				95C7CBF427A494F400430F43 /* AppDelegate.swift */,
				95C7CBF627A494F400430F43 /* SceneDelegate.swift */,
				95C7CC0A27A4953500430F43 /* Model */,
				95C7CC0927A4952E00430F43 /* View */,
				95C7CC0827A4951E00430F43 /* Controller */,
				95C7CBFD27A494F500430F43 /* Assets.xcassets */,
				95C7CBFF27A494F500430F43 /* LaunchScreen.storyboard */,
				95C7CC0227A494F500430F43 /* Info.plist */,
			);
			path = SunSafe;
			sourceTree = "<group>";
		};
		95C7CC0827A4951E00430F43 /* Controller */ = {
			isa = PBXGroup;
			children = (
				95C7CBF827A494F400430F43 /* HomeViewController.swift */,
			);
			path = Controller;
			sourceTree = "<group>";
		};
		95C7CC0927A4952E00430F43 /* View */ = {
			isa = PBXGroup;
			children = (
				95C7CBFA27A494F400430F43 /* Main.storyboard */,
			);
			path = View;
			sourceTree = "<group>";
		};
		95C7CC0A27A4953500430F43 /* Model */ = {
			isa = PBXGroup;
			children = (
				95C7CC0B27A495BD00430F43 /* SafeModel.swift */,
				95C7CC0D27A495D500430F43 /* SafeNetworking.swift */,
				95C7CC0F27A4960600430F43 /* SafeConditions.swift */,
			);
			path = Model;
			sourceTree = "<group>";
		};
/* End PBXGroup section */

/* Begin PBXNativeTarget section */
		95C7CBF027A494F400430F43 /* SunSafe */ = {
			isa = PBXNativeTarget;
			buildConfigurationList = 95C7CC0527A494F500430F43 /* Build configuration list for PBXNativeTarget "SunSafe" */;
			buildPhases = (
				95C7CBED27A494F400430F43 /* Sources */,
				95C7CBEE27A494F400430F43 /* Frameworks */,
				95C7CBEF27A494F400430F43 /* Resources */,
			);
			buildRules = (
			);
			dependencies = (
			);
			name = SunSafe;
			productName = SunSafe;
			productReference = 95C7CBF127A494F400430F43 /* SunSafe.app */;
			productType = "com.apple.product-type.application";
		};
/* End PBXNativeTarget section */

/* Begin PBXProject section */
		95C7CBE927A494F300430F43 /* Project object */ = {
			isa = PBXProject;
			attributes = {
				BuildIndependentTargetsInParallel = 1;
				LastSwiftUpdateCheck = 1320;
				LastUpgradeCheck = 1320;
				TargetAttributes = {
					95C7CBF027A494F400430F43 = {
						CreatedOnToolsVersion = 13.2.1;
					};
				};
			};
			buildConfigurationList = 95C7CBEC27A494F300430F43 /* Build configuration list for PBXProject "SunSafe" */;
			compatibilityVersion = "Xcode 13.0";
			developmentRegion = en;
			hasScannedForEncodings = 0;
			knownRegions = (
				en,
				Base,
			);
			mainGroup = 95C7CBE827A494F300430F43;
			productRefGroup = 95C7CBF227A494F400430F43 /* Products */;
			projectDirPath = "";
			projectRoot = "";
			targets = (
				95C7CBF027A494F400430F43 /* SunSafe */,
			);
		};
/* End PBXProject section */

/* Begin PBXResourcesBuildPhase section */
		95C7CBEF27A494F400430F43 /* Resources */ = {
			isa = PBXResourcesBuildPhase;
			buildActionMask = 2147483647;
			files = (
				95C7CC0127A494F500430F43 /* LaunchScreen.storyboard in Resources */,
				95C7CBFE27A494F500430F43 /* Assets.xcassets in Resources */,
				95C7CBFC27A494F400430F43 /* Main.storyboard in Resources */,
			);
			runOnlyForDeploymentPostprocessing = 0;
		};
/* End PBXResourcesBuildPhase section */

/* Begin PBXSourcesBuildPhase section */
		95C7CBED27A494F400430F43 /* Sources */ = {
			isa = PBXSourcesBuildPhase;
			buildActionMask = 2147483647;
			files = (
				95C7CBF927A494F400430F43 /* HomeViewController.swift in Sources */,
				95C7CBF527A494F400430F43 /* AppDelegate.swift in Sources */,
				95C7CC0C27A495BD00430F43 /* SafeModel.swift in Sources */,
				95C7CBF727A494F400430F43 /* SceneDelegate.swift in Sources */,
				95C7CC1027A4960600430F43 /* SafeConditions.swift in Sources */,
				95C7CC0E27A495D500430F43 /* SafeNetworking.swift in Sources */,
			);
			runOnlyForDeploymentPostprocessing = 0;
		};
/* End PBXSourcesBuildPhase section */

/* Begin PBXVariantGroup section */
		95C7CBFA27A494F400430F43 /* Main.storyboard */ = {
			isa = PBXVariantGroup;
			children = (
				95C7CBFB27A494F400430F43 /* Base */,
			);
			name = Main.storyboard;
			sourceTree = "<group>";
		};
		95C7CBFF27A494F500430F43 /* LaunchScreen.storyboard */ = {
			isa = PBXVariantGroup;
			children = (
				95C7CC0027A494F500430F43 /* Base */,
			);
			name = LaunchScreen.storyboard;
			sourceTree = "<group>";
		};
/* End PBXVariantGroup section */

/* Begin XCBuildConfiguration section */
		95C7CC0327A494F500430F43 /* Debug */ = {
			isa = XCBuildConfiguration;
			buildSettings = {
				ALWAYS_SEARCH_USER_PATHS = NO;
				CLANG_ANALYZER_NONNULL = YES;
				CLANG_ANALYZER_NUMBER_OBJECT_CONVERSION = YES_AGGRESSIVE;
				CLANG_CXX_LANGUAGE_STANDARD = "gnu++17";
				CLANG_CXX_LIBRARY = "libc++";
				CLANG_ENABLE_MODULES = YES;
				CLANG_ENABLE_OBJC_ARC = YES;
				CLANG_ENABLE_OBJC_WEAK = YES;
				CLANG_WARN_BLOCK_CAPTURE_AUTORELEASING = YES;
				CLANG_WARN_BOOL_CONVERSION = YES;
				CLANG_WARN_COMMA = YES;
				CLANG_WARN_CONSTANT_CONVERSION = YES;
				CLANG_WARN_DEPRECATED_OBJC_IMPLEMENTATIONS = YES;
				CLANG_WARN_DIRECT_OBJC_ISA_USAGE = YES_ERROR;
				CLANG_WARN_DOCUMENTATION_COMMENTS = YES;
				CLANG_WARN_EMPTY_BODY = YES;
				CLANG_WARN_ENUM_CONVERSION = YES;
				CLANG_WARN_INFINITE_RECURSION = YES;
				CLANG_WARN_INT_CONVERSION = YES;
				CLANG_WARN_NON_LITERAL_NULL_CONVERSION = YES;
				CLANG_WARN_OBJC_IMPLICIT_RETAIN_SELF = YES;
				CLANG_WARN_OBJC_LITERAL_CONVERSION = YES;
				CLANG_WARN_OBJC_ROOT_CLASS = YES_ERROR;
				CLANG_WARN_QUOTED_INCLUDE_IN_FRAMEWORK_HEADER = YES;
				CLANG_WARN_RANGE_LOOP_ANALYSIS = YES;
				CLANG_WARN_STRICT_PROTOTYPES = YES;
				CLANG_WARN_SUSPICIOUS_MOVE = YES;
				CLANG_WARN_UNGUARDED_AVAILABILITY = YES_AGGRESSIVE;
				CLANG_WARN_UNREACHABLE_CODE = YES;
				CLANG_WARN__DUPLICATE_METHOD_MATCH = YES;
				COPY_PHASE_STRIP = NO;
				DEBUG_INFORMATION_FORMAT = dwarf;
				ENABLE_STRICT_OBJC_MSGSEND = YES;
				ENABLE_TESTABILITY = YES;
				GCC_C_LANGUAGE_STANDARD = gnu11;
				GCC_DYNAMIC_NO_PIC = NO;
				GCC_NO_COMMON_BLOCKS = YES;
				GCC_OPTIMIZATION_LEVEL = 0;
				GCC_PREPROCESSOR_DEFINITIONS = (
					"DEBUG=1",
					"$(inherited)",
				);
				GCC_WARN_64_TO_32_BIT_CONVERSION = YES;
				GCC_WARN_ABOUT_RETURN_TYPE = YES_ERROR;
				GCC_WARN_UNDECLARED_SELECTOR = YES;
				GCC_WARN_UNINITIALIZED_AUTOS = YES_AGGRESSIVE;
				GCC_WARN_UNUSED_FUNCTION = YES;
				GCC_WARN_UNUSED_VARIABLE = YES;
				IPHONEOS_DEPLOYMENT_TARGET = 15.2;
				MTL_ENABLE_DEBUG_INFO = INCLUDE_SOURCE;
				MTL_FAST_MATH = YES;
				ONLY_ACTIVE_ARCH = YES;
				SDKROOT = iphoneos;
				SWIFT_ACTIVE_COMPILATION_CONDITIONS = DEBUG;
				SWIFT_OPTIMIZATION_LEVEL = "-Onone";
			};
			name = Debug;
		};
		95C7CC0427A494F500430F43 /* Release */ = {
			isa = XCBuildConfiguration;
			buildSettings = {
				ALWAYS_SEARCH_USER_PATHS = NO;
				CLANG_ANALYZER_NONNULL = YES;
				CLANG_ANALYZER_NUMBER_OBJECT_CONVERSION = YES_AGGRESSIVE;
				CLANG_CXX_LANGUAGE_STANDARD = "gnu++17";
				CLANG_CXX_LIBRARY = "libc++";
				CLANG_ENABLE_MODULES = YES;
				CLANG_ENABLE_OBJC_ARC = YES;
				CLANG_ENABLE_OBJC_WEAK = YES;
				CLANG_WARN_BLOCK_CAPTURE_AUTORELEASING = YES;
				CLANG_WARN_BOOL_CONVERSION = YES;
				CLANG_WARN_COMMA = YES;
				CLANG_WARN_CONSTANT_CONVERSION = YES;
				CLANG_WARN_DEPRECATED_OBJC_IMPLEMENTATIONS = YES;
				CLANG_WARN_DIRECT_OBJC_ISA_USAGE = YES_ERROR;
				CLANG_WARN_DOCUMENTATION_COMMENTS = YES;
				CLANG_WARN_EMPTY_BODY = YES;
				CLANG_WARN_ENUM_CONVERSION = YES;
				CLANG_WARN_INFINITE_RECURSION = YES;
				CLANG_WARN_INT_CONVERSION = YES;
				CLANG_WARN_NON_LITERAL_NULL_CONVERSION = YES;
				CLANG_WARN_OBJC_IMPLICIT_RETAIN_SELF = YES;
				CLANG_WARN_OBJC_LITERAL_CONVERSION = YES;
				CLANG_WARN_OBJC_ROOT_CLASS = YES_ERROR;
				CLANG_WARN_QUOTED_INCLUDE_IN_FRAMEWORK_HEADER = YES;
				CLANG_WARN_RANGE_LOOP_ANALYSIS = YES;
				CLANG_WARN_STRICT_PROTOTYPES = YES;
				CLANG_WARN_SUSPICIOUS_MOVE = YES;
				CLANG_WARN_UNGUARDED_AVAILABILITY = YES_AGGRESSIVE;
				CLANG_WARN_UNREACHABLE_CODE = YES;
				CLANG_WARN__DUPLICATE_METHOD_MATCH = YES;
				COPY_PHASE_STRIP = NO;
				DEBUG_INFORMATION_FORMAT = "dwarf-with-dsym";
				ENABLE_NS_ASSERTIONS = NO;
				ENABLE_STRICT_OBJC_MSGSEND = YES;
				GCC_C_LANGUAGE_STANDARD = gnu11;
				GCC_NO_COMMON_BLOCKS = YES;
				GCC_WARN_64_TO_32_BIT_CONVERSION = YES;
				GCC_WARN_ABOUT_RETURN_TYPE = YES_ERROR;
				GCC_WARN_UNDECLARED_SELECTOR = YES;
				GCC_WARN_UNINITIALIZED_AUTOS = YES_AGGRESSIVE;
				GCC_WARN_UNUSED_FUNCTION = YES;
				GCC_WARN_UNUSED_VARIABLE = YES;
				IPHONEOS_DEPLOYMENT_TARGET = 15.2;
				MTL_ENABLE_DEBUG_INFO = NO;
				MTL_FAST_MATH = YES;
				SDKROOT = iphoneos;
				SWIFT_COMPILATION_MODE = wholemodule;
				SWIFT_OPTIMIZATION_LEVEL = "-O";
				VALIDATE_PRODUCT = YES;
			};
			name = Release;
		};
		95C7CC0627A494F500430F43 /* Debug */ = {
			isa = XCBuildConfiguration;
			buildSettings = {
				ASSETCATALOG_COMPILER_APPICON_NAME = AppIcon;
				ASSETCATALOG_COMPILER_GLOBAL_ACCENT_COLOR_NAME = AccentColor;
				CODE_SIGN_STYLE = Automatic;
				CURRENT_PROJECT_VERSION = 1;
				DEVELOPMENT_TEAM = YW9QLYXD9D;
				GENERATE_INFOPLIST_FILE = YES;
				INFOPLIST_FILE = SunSafe/Info.plist;
				INFOPLIST_KEY_UIApplicationSupportsIndirectInputEvents = YES;
				INFOPLIST_KEY_UILaunchStoryboardName = LaunchScreen;
				INFOPLIST_KEY_UIMainStoryboardFile = Main;
				INFOPLIST_KEY_UISupportedInterfaceOrientations = UIInterfaceOrientationPortrait;
				INFOPLIST_KEY_UISupportedInterfaceOrientations_iPad = "UIInterfaceOrientationPortrait UIInterfaceOrientationPortraitUpsideDown UIInterfaceOrientationLandscapeLeft UIInterfaceOrientationLandscapeRight";
				INFOPLIST_KEY_UISupportedInterfaceOrientations_iPhone = "UIInterfaceOrientationPortrait UIInterfaceOrientationLandscapeLeft UIInterfaceOrientationLandscapeRight";
				LD_RUNPATH_SEARCH_PATHS = (
					"$(inherited)",
					"@executable_path/Frameworks",
				);
				MARKETING_VERSION = 1.0;
				PRODUCT_BUNDLE_IDENTIFIER = com.SunSafe;
				PRODUCT_NAME = "$(TARGET_NAME)";
				SWIFT_EMIT_LOC_STRINGS = YES;
				SWIFT_VERSION = 5.0;
				TARGETED_DEVICE_FAMILY = 1;
			};
			name = Debug;
		};
		95C7CC0727A494F500430F43 /* Release */ = {
			isa = XCBuildConfiguration;
			buildSettings = {
				ASSETCATALOG_COMPILER_APPICON_NAME = AppIcon;
				ASSETCATALOG_COMPILER_GLOBAL_ACCENT_COLOR_NAME = AccentColor;
				CODE_SIGN_STYLE = Automatic;
				CURRENT_PROJECT_VERSION = 1;
				DEVELOPMENT_TEAM = YW9QLYXD9D;
				GENERATE_INFOPLIST_FILE = YES;
				INFOPLIST_FILE = SunSafe/Info.plist;
				INFOPLIST_KEY_UIApplicationSupportsIndirectInputEvents = YES;
				INFOPLIST_KEY_UILaunchStoryboardName = LaunchScreen;
				INFOPLIST_KEY_UIMainStoryboardFile = Main;
				INFOPLIST_KEY_UISupportedInterfaceOrientations = UIInterfaceOrientationPortrait;
				INFOPLIST_KEY_UISupportedInterfaceOrientations_iPad = "UIInterfaceOrientationPortrait UIInterfaceOrientationPortraitUpsideDown UIInterfaceOrientationLandscapeLeft UIInterfaceOrientationLandscapeRight";
				INFOPLIST_KEY_UISupportedInterfaceOrientations_iPhone = "UIInterfaceOrientationPortrait UIInterfaceOrientationLandscapeLeft UIInterfaceOrientationLandscapeRight";
				LD_RUNPATH_SEARCH_PATHS = (
					"$(inherited)",
					"@executable_path/Frameworks",
				);
				MARKETING_VERSION = 1.0;
				PRODUCT_BUNDLE_IDENTIFIER = com.SunSafe;
				PRODUCT_NAME = "$(TARGET_NAME)";
				SWIFT_EMIT_LOC_STRINGS = YES;
				SWIFT_VERSION = 5.0;
				TARGETED_DEVICE_FAMILY = 1;
			};
			name = Release;
		};
/* End XCBuildConfiguration section */

/* Begin XCConfigurationList section */
		95C7CBEC27A494F300430F43 /* Build configuration list for PBXProject "SunSafe" */ = {
			isa = XCConfigurationList;
			buildConfigurations = (
				95C7CC0327A494F500430F43 /* Debug */,
				95C7CC0427A494F500430F43 /* Release */,
			);
			defaultConfigurationIsVisible = 0;
			defaultConfigurationName = Release;
		};
		95C7CC0527A494F500430F43 /* Build configuration list for PBXNativeTarget "SunSafe" */ = {
			isa = XCConfigurationList;
			buildConfigurations = (
				95C7CC0627A494F500430F43 /* Debug */,
				95C7CC0727A494F500430F43 /* Release */,
			);
			defaultConfigurationIsVisible = 0;
			defaultConfigurationName = Release;
		};
/* End XCConfigurationList section */
	};
	rootObject = 95C7CBE927A494F300430F43 /* Project object */;
}
